// !$*UTF8*$!
{
	archiveVersion = 1;
	classes = {
	};
	objectVersion = 48;
	objects = {

/* Begin PBXBuildFile section */
		1A99FE761EECEE0B00AA0E8D /* AppDelegate.swift in Sources */ = {isa = PBXBuildFile; fileRef = 1A99FE751EECEE0B00AA0E8D /* AppDelegate.swift */; };
		1A99FE781EECEE0B00AA0E8D /* ViewController.swift in Sources */ = {isa = PBXBuildFile; fileRef = 1A99FE771EECEE0B00AA0E8D /* ViewController.swift */; };
		1A99FE7B1EECEE0B00AA0E8D /* Main.storyboard in Resources */ = {isa = PBXBuildFile; fileRef = 1A99FE791EECEE0B00AA0E8D /* Main.storyboard */; };
		1A99FE7D1EECEE0B00AA0E8D /* Assets.xcassets in Resources */ = {isa = PBXBuildFile; fileRef = 1A99FE7C1EECEE0B00AA0E8D /* Assets.xcassets */; };
		1A99FE801EECEE0B00AA0E8D /* LaunchScreen.storyboard in Resources */ = {isa = PBXBuildFile; fileRef = 1A99FE7E1EECEE0B00AA0E8D /* LaunchScreen.storyboard */; };
		1A99FE8A1EECFC5800AA0E8D /* Inceptionv3.mlmodel in Sources */ = {isa = PBXBuildFile; fileRef = 1A99FE891EECFC5800AA0E8D /* Inceptionv3.mlmodel */; };
/* End PBXBuildFile section */

/* Begin PBXFileReference section */
		1A99FE721EECEE0B00AA0E8D /* SimpleInceptionV3.app */ = {isa = PBXFileReference; explicitFileType = wrapper.application; includeInIndex = 0; path = SimpleInceptionV3.app; sourceTree = BUILT_PRODUCTS_DIR; };
		1A99FE751EECEE0B00AA0E8D /* AppDelegate.swift */ = {isa = PBXFileReference; lastKnownFileType = sourcecode.swift; path = AppDelegate.swift; sourceTree = "<group>"; };
		1A99FE771EECEE0B00AA0E8D /* ViewController.swift */ = {isa = PBXFileReference; lastKnownFileType = sourcecode.swift; path = ViewController.swift; sourceTree = "<group>"; };
		1A99FE7A1EECEE0B00AA0E8D /* Base */ = {isa = PBXFileReference; lastKnownFileType = file.storyboard; name = Base; path = Base.lproj/Main.storyboard; sourceTree = "<group>"; };
		1A99FE7C1EECEE0B00AA0E8D /* Assets.xcassets */ = {isa = PBXFileReference; lastKnownFileType = folder.assetcatalog; path = Assets.xcassets; sourceTree = "<group>"; };
		1A99FE7F1EECEE0B00AA0E8D /* Base */ = {isa = PBXFileReference; lastKnownFileType = file.storyboard; name = Base; path = Base.lproj/LaunchScreen.storyboard; sourceTree = "<group>"; };
		1A99FE811EECEE0B00AA0E8D /* Info.plist */ = {isa = PBXFileReference; lastKnownFileType = text.plist.xml; path = Info.plist; sourceTree = "<group>"; };
		1A99FE891EECFC5800AA0E8D /* Inceptionv3.mlmodel */ = {isa = PBXFileReference; lastKnownFileType = file.mlmodel; name = Inceptionv3.mlmodel; path = ../../../Downloads/Inceptionv3.mlmodel; sourceTree = "<group>"; };
/* End PBXFileReference section */

/* Begin PBXFrameworksBuildPhase section */
		1A99FE6F1EECEE0B00AA0E8D /* Frameworks */ = {
			isa = PBXFrameworksBuildPhase;
			buildActionMask = 2147483647;
			files = (
			);
			runOnlyForDeploymentPostprocessing = 0;
		};
/* End PBXFrameworksBuildPhase section */

/* Begin PBXGroup section */
		1A99FE691EECEE0B00AA0E8D = {
			isa = PBXGroup;
			children = (
				1A99FE741EECEE0B00AA0E8D /* SimpleInceptionV3 */,
				1A99FE731EECEE0B00AA0E8D /* Products */,
			);
			sourceTree = "<group>";
		};
		1A99FE731EECEE0B00AA0E8D /* Products */ = {
			isa = PBXGroup;
			children = (
				1A99FE721EECEE0B00AA0E8D /* SimpleInceptionV3.app */,
			);
			name = Products;
			sourceTree = "<group>";
		};
		1A99FE741EECEE0B00AA0E8D /* SimpleInceptionV3 */ = {
			isa = PBXGroup;
			children = (
				1A99FE751EECEE0B00AA0E8D /* AppDelegate.swift */,
				1A99FE771EECEE0B00AA0E8D /* ViewController.swift */,
				1A99FE791EECEE0B00AA0E8D /* Main.storyboard */,
				1A99FE891EECFC5800AA0E8D /* Inceptionv3.mlmodel */,
				1A99FE7C1EECEE0B00AA0E8D /* Assets.xcassets */,
				1A99FE7E1EECEE0B00AA0E8D /* LaunchScreen.storyboard */,
				1A99FE811EECEE0B00AA0E8D /* Info.plist */,
			);
			path = SimpleInceptionV3;
			sourceTree = "<group>";
		};
/* End PBXGroup section */

/* Begin PBXNativeTarget section */
		1A99FE711EECEE0B00AA0E8D /* SimpleInceptionV3 */ = {
			isa = PBXNativeTarget;
			buildConfigurationList = 1A99FE841EECEE0B00AA0E8D /* Build configuration list for PBXNativeTarget "SimpleInceptionV3" */;
			buildPhases = (
				1A99FE6E1EECEE0B00AA0E8D /* Sources */,
				1A99FE6F1EECEE0B00AA0E8D /* Frameworks */,
				1A99FE701EECEE0B00AA0E8D /* Resources */,
			);
			buildRules = (
			);
			dependencies = (
			);
			name = SimpleInceptionV3;
			productName = SimpleInceptionV3;
			productReference = 1A99FE721EECEE0B00AA0E8D /* SimpleInceptionV3.app */;
			productType = "com.apple.product-type.application";
		};
/* End PBXNativeTarget section */

/* Begin PBXProject section */
		1A99FE6A1EECEE0B00AA0E8D /* Project object */ = {
			isa = PBXProject;
			attributes = {
				LastSwiftUpdateCheck = 0900;
				LastUpgradeCheck = 0900;
				ORGANIZATIONNAME = MediaTek;
				TargetAttributes = {
					1A99FE711EECEE0B00AA0E8D = {
						CreatedOnToolsVersion = 9.0;
					};
				};
			};
			buildConfigurationList = 1A99FE6D1EECEE0B00AA0E8D /* Build configuration list for PBXProject "SimpleInceptionV3" */;
			compatibilityVersion = "Xcode 8.0";
			developmentRegion = en;
			hasScannedForEncodings = 0;
			knownRegions = (
				en,
				Base,
			);
			mainGroup = 1A99FE691EECEE0B00AA0E8D;
			productRefGroup = 1A99FE731EECEE0B00AA0E8D /* Products */;
			projectDirPath = "";
			projectRoot = "";
			targets = (
				1A99FE711EECEE0B00AA0E8D /* SimpleInceptionV3 */,
			);
		};
/* End PBXProject section */

/* Begin PBXResourcesBuildPhase section */
		1A99FE701EECEE0B00AA0E8D /* Resources */ = {
			isa = PBXResourcesBuildPhase;
			buildActionMask = 2147483647;
			files = (
				1A99FE801EECEE0B00AA0E8D /* LaunchScreen.storyboard in Resources */,
				1A99FE7D1EECEE0B00AA0E8D /* Assets.xcassets in Resources */,
				1A99FE7B1EECEE0B00AA0E8D /* Main.storyboard in Resources */,
			);
			runOnlyForDeploymentPostprocessing = 0;
		};
/* End PBXResourcesBuildPhase section */

/* Begin PBXSourcesBuildPhase section */
		1A99FE6E1EECEE0B00AA0E8D /* Sources */ = {
			isa = PBXSourcesBuildPhase;
			buildActionMask = 2147483647;
			files = (
				1A99FE781EECEE0B00AA0E8D /* ViewController.swift in Sources */,
				1A99FE8A1EECFC5800AA0E8D /* Inceptionv3.mlmodel in Sources */,
				1A99FE761EECEE0B00AA0E8D /* AppDelegate.swift in Sources */,
			);
			runOnlyForDeploymentPostprocessing = 0;
		};
/* End PBXSourcesBuildPhase section */

/* Begin PBXVariantGroup section */
		1A99FE791EECEE0B00AA0E8D /* Main.storyboard */ = {
			isa = PBXVariantGroup;
			children = (
				1A99FE7A1EECEE0B00AA0E8D /* Base */,
			);
			name = Main.storyboard;
			sourceTree = "<group>";
		};
		1A99FE7E1EECEE0B00AA0E8D /* LaunchScreen.storyboard */ = {
			isa = PBXVariantGroup;
			children = (
				1A99FE7F1EECEE0B00AA0E8D /* Base */,
			);
			name = LaunchScreen.storyboard;
			sourceTree = "<group>";
		};
/* End PBXVariantGroup section */

/* Begin XCBuildConfiguration section */
		1A99FE821EECEE0B00AA0E8D /* Debug */ = {
			isa = XCBuildConfiguration;
			buildSettings = {
				ALWAYS_SEARCH_USER_PATHS = NO;
				CLANG_ANALYZER_NONNULL = YES;
				CLANG_ANALYZER_NUMBER_OBJECT_CONVERSION = YES_AGGRESSIVE;
				CLANG_CXX_LANGUAGE_STANDARD = "gnu++14";
				CLANG_CXX_LIBRARY = "libc++";
				CLANG_ENABLE_MODULES = YES;
				CLANG_ENABLE_OBJC_ARC = YES;
				CLANG_WARN_BLOCK_CAPTURE_AUTORELEASING = YES;
				CLANG_WARN_BOOL_CONVERSION = YES;
				CLANG_WARN_COMMA = YES;
				CLANG_WARN_CONSTANT_CONVERSION = YES;
				CLANG_WARN_DIRECT_OBJC_ISA_USAGE = YES_ERROR;
				CLANG_WARN_DOCUMENTATION_COMMENTS = YES;
				CLANG_WARN_EMPTY_BODY = YES;
				CLANG_WARN_ENUM_CONVERSION = YES;
				CLANG_WARN_INFINITE_RECURSION = YES;
				CLANG_WARN_INT_CONVERSION = YES;
				CLANG_WARN_OBJC_ROOT_CLASS = YES_ERROR;
				CLANG_WARN_RANGE_LOOP_ANALYSIS = YES;
				CLANG_WARN_STRICT_PROTOTYPES = YES;
				CLANG_WARN_SUSPICIOUS_MOVE = YES;
				CLANG_WARN_UNGUARDED_AVAILABILITY = YES_AGGRESSIVE;
				CLANG_WARN_UNREACHABLE_CODE = YES;
				CLANG_WARN__DUPLICATE_METHOD_MATCH = YES;
				CODE_SIGN_IDENTITY = "iPhone Developer";
				COPY_PHASE_STRIP = NO;
				DEBUG_INFORMATION_FORMAT = dwarf;
				ENABLE_STRICT_OBJC_MSGSEND = YES;
				ENABLE_TESTABILITY = YES;
				GCC_C_LANGUAGE_STANDARD = gnu11;
				GCC_DYNAMIC_NO_PIC = NO;
				GCC_NO_COMMON_BLOCKS = YES;
				GCC_OPTIMIZATION_LEVEL = 0;
				GCC_PREPROCESSOR_DEFINITIONS = (
					"DEBUG=1",
					"$(inherited)",
				);
				GCC_WARN_64_TO_32_BIT_CONVERSION = YES;
				GCC_WARN_ABOUT_RETURN_TYPE = YES_ERROR;
				GCC_WARN_UNDECLARED_SELECTOR = YES;
				GCC_WARN_UNINITIALIZED_AUTOS = YES_AGGRESSIVE;
				GCC_WARN_UNUSED_FUNCTION = YES;
				GCC_WARN_UNUSED_VARIABLE = YES;
				IPHONEOS_DEPLOYMENT_TARGET = 11.0;
				MTL_ENABLE_DEBUG_INFO = YES;
				ONLY_ACTIVE_ARCH = YES;
				SDKROOT = iphoneos;
				SWIFT_ACTIVE_COMPILATION_CONDITIONS = DEBUG;
				SWIFT_OPTIMIZATION_LEVEL = "-Onone";
			};
			name = Debug;
		};
		1A99FE831EECEE0B00AA0E8D /* Release */ = {
			isa = XCBuildConfiguration;
			buildSettings = {
				ALWAYS_SEARCH_USER_PATHS = NO;
				CLANG_ANALYZER_NONNULL = YES;
				CLANG_ANALYZER_NUMBER_OBJECT_CONVERSION = YES_AGGRESSIVE;
				CLANG_CXX_LANGUAGE_STANDARD = "gnu++14";
				CLANG_CXX_LIBRARY = "libc++";
				CLANG_ENABLE_MODULES = YES;
				CLANG_ENABLE_OBJC_ARC = YES;
				CLANG_WARN_BLOCK_CAPTURE_AUTORELEASING = YES;
				CLANG_WARN_BOOL_CONVERSION = YES;
				CLANG_WARN_COMMA = YES;
				CLANG_WARN_CONSTANT_CONVERSION = YES;
				CLANG_WARN_DIRECT_OBJC_ISA_USAGE = YES_ERROR;
				CLANG_WARN_DOCUMENTATION_COMMENTS = YES;
				CLANG_WARN_EMPTY_BODY = YES;
				CLANG_WARN_ENUM_CONVERSION = YES;
				CLANG_WARN_INFINITE_RECURSION = YES;
				CLANG_WARN_INT_CONVERSION = YES;
				CLANG_WARN_OBJC_ROOT_CLASS = YES_ERROR;
				CLANG_WARN_RANGE_LOOP_ANALYSIS = YES;
				CLANG_WARN_STRICT_PROTOTYPES = YES;
				CLANG_WARN_SUSPICIOUS_MOVE = YES;
				CLANG_WARN_UNGUARDED_AVAILABILITY = YES_AGGRESSIVE;
				CLANG_WARN_UNREACHABLE_CODE = YES;
				CLANG_WARN__DUPLICATE_METHOD_MATCH = YES;
				CODE_SIGN_IDENTITY = "iPhone Developer";
				COPY_PHASE_STRIP = NO;
				DEBUG_INFORMATION_FORMAT = "dwarf-with-dsym";
				ENABLE_NS_ASSERTIONS = NO;
				ENABLE_STRICT_OBJC_MSGSEND = YES;
				GCC_C_LANGUAGE_STANDARD = gnu11;
				GCC_NO_COMMON_BLOCKS = YES;
				GCC_WARN_64_TO_32_BIT_CONVERSION = YES;
				GCC_WARN_ABOUT_RETURN_TYPE = YES_ERROR;
				GCC_WARN_UNDECLARED_SELECTOR = YES;
				GCC_WARN_UNINITIALIZED_AUTOS = YES_AGGRESSIVE;
				GCC_WARN_UNUSED_FUNCTION = YES;
				GCC_WARN_UNUSED_VARIABLE = YES;
				IPHONEOS_DEPLOYMENT_TARGET = 11.0;
				MTL_ENABLE_DEBUG_INFO = NO;
				SDKROOT = iphoneos;
				SWIFT_OPTIMIZATION_LEVEL = "-Owholemodule";
				VALIDATE_PRODUCT = YES;
			};
			name = Release;
		};
		1A99FE851EECEE0B00AA0E8D /* Debug */ = {
			isa = XCBuildConfiguration;
			buildSettings = {
				ASSETCATALOG_COMPILER_APPICON_NAME = AppIcon;
				DEVELOPMENT_TEAM = PG35EX39B6;
				INFOPLIST_FILE = SimpleInceptionV3/Info.plist;
				LD_RUNPATH_SEARCH_PATHS = "$(inherited) @executable_path/Frameworks";
				PRODUCT_BUNDLE_IDENTIFIER = com.mediatek.SimpleInceptionV3;
				PRODUCT_NAME = "$(TARGET_NAME)";
				SWIFT_VERSION = 4.0;
				TARGETED_DEVICE_FAMILY = "1,2";
			};
			name = Debug;
		};
		1A99FE861EECEE0B00AA0E8D /* Release */ = {
			isa = XCBuildConfiguration;
			buildSettings = {
				ASSETCATALOG_COMPILER_APPICON_NAME = AppIcon;
				DEVELOPMENT_TEAM = PG35EX39B6;
				INFOPLIST_FILE = SimpleInceptionV3/Info.plist;
				LD_RUNPATH_SEARCH_PATHS = "$(inherited) @executable_path/Frameworks";
				PRODUCT_BUNDLE_IDENTIFIER = com.mediatek.SimpleInceptionV3;
				PRODUCT_NAME = "$(TARGET_NAME)";
				SWIFT_VERSION = 4.0;
				TARGETED_DEVICE_FAMILY = "1,2";
			};
			name = Release;
		};
/* End XCBuildConfiguration section */

/* Begin XCConfigurationList section */
		1A99FE6D1EECEE0B00AA0E8D /* Build configuration list for PBXProject "SimpleInceptionV3" */ = {
			isa = XCConfigurationList;
			buildConfigurations = (
				1A99FE821EECEE0B00AA0E8D /* Debug */,
				1A99FE831EECEE0B00AA0E8D /* Release */,
			);
			defaultConfigurationIsVisible = 0;
			defaultConfigurationName = Release;
		};
		1A99FE841EECEE0B00AA0E8D /* Build configuration list for PBXNativeTarget "SimpleInceptionV3" */ = {
			isa = XCConfigurationList;
			buildConfigurations = (
				1A99FE851EECEE0B00AA0E8D /* Debug */,
				1A99FE861EECEE0B00AA0E8D /* Release */,
			);
			defaultConfigurationIsVisible = 0;
			defaultConfigurationName = Release;
		};
/* End XCConfigurationList section */
	};
	rootObject = 1A99FE6A1EECEE0B00AA0E8D /* Project object */;
}
